
Microsoft Visual Studio Solution File, Format Version 12.00
# Visual Studio Version 16
VisualStudioVersion = 16.0.34301.259
MinimumVisualStudioVersion = 10.0.40219.1
Project("{FAE04EC0-301F-11D3-BF4B-00C04F79EFBC}") = "JimmyLinq", "JimmyLinq\JimmyLinq.csproj", "{6FFED02B-EB5E-4736-AF69-4FECDDFC68BE}"
EndProject
Global
	GlobalSection(SolutionConfigurationPlatforms) = preSolution
		Debug|Any CPU = Debug|Any CPU
		Release|Any CPU = Release|Any CPU
	EndGlobalSection
	GlobalSection(ProjectConfigurationPlatforms) = postSolution
		{6FFED02B-EB5E-4736-AF69-4FECDDFC68BE}.Debug|Any CPU.ActiveCfg = Debug|Any CPU
		{6FFED02B-EB5E-4736-AF69-4FECDDFC68BE}.Debug|Any CPU.Build.0 = Debug|Any CPU
		{6FFED02B-EB5E-4736-AF69-4FECDDFC68BE}.Release|Any CPU.ActiveCfg = Release|Any CPU
		{6FFED02B-EB5E-4736-AF69-4FECDDFC68BE}.Release|Any CPU.Build.0 = Release|Any CPU
	EndGlobalSection
	GlobalSection(SolutionProperties) = preSolution
		HideSolutionNode = FALSE
	EndGlobalSection
	GlobalSection(ExtensibilityGlobals) = postSolution
		SolutionGuid = {778844ED-BC3D-4BC2-83DB-E2FEC0D49F26}
	EndGlobalSection
EndGlobal
